PODS:
  - Chipmunk-Physics (6.1.1)

DEPENDENCIES:
  - Chipmunk-Physics (from `https://github.com/pat2man/Chipmunk-Physics.git`)

EXTERNAL SOURCES:
  Chipmunk-Physics:
    :git: https://github.com/pat2man/Chipmunk-Physics.git

SPEC CHECKSUMS:
  Chipmunk-Physics: 6fb03d56169ba54271ae020cc4a93a927e45a1ed

COCOAPODS: 0.17.1
